// !$*UTF8*$!
{
	archiveVersion = 1;
	classes = {
	};
	objectVersion = 46;
	objects = {

/* Begin PBXBuildFile section */
		EF1C642F1BBFEEED00AA1C3C /* ChangeBundleIdTask.swift in Sources */ = {isa = PBXBuildFile; fileRef = EF1C642E1BBFEEED00AA1C3C /* ChangeBundleIdTask.swift */; settings = {ASSET_TAGS = (); }; };
		EF2CA8501BC0061E00A45FDD /* IROperation.swift in Sources */ = {isa = PBXBuildFile; fileRef = EF2CA84F1BC0061E00A45FDD /* IROperation.swift */; settings = {ASSET_TAGS = (); }; };
		EF2CA8521BC0233200A45FDD /* ResignApplicationTask.swift in Sources */ = {isa = PBXBuildFile; fileRef = EF2CA8511BC0233200A45FDD /* ResignApplicationTask.swift */; settings = {ASSET_TAGS = (); }; };
		EF2CA8541BC028D800A45FDD /* CodeSignTask.swift in Sources */ = {isa = PBXBuildFile; fileRef = EF2CA8531BC028D800A45FDD /* CodeSignTask.swift */; settings = {ASSET_TAGS = (); }; };
		EF2CA8561BC0A56800A45FDD /* VerifyCodeSignTask.swift in Sources */ = {isa = PBXBuildFile; fileRef = EF2CA8551BC0A56800A45FDD /* VerifyCodeSignTask.swift */; settings = {ASSET_TAGS = (); }; };
		EF2CA8591BC0A70E00A45FDD /* ZipTask.swift in Sources */ = {isa = PBXBuildFile; fileRef = EF2CA8581BC0A70E00A45FDD /* ZipTask.swift */; settings = {ASSET_TAGS = (); }; };
		EF2CA85B1BC0AC9200A45FDD /* ChangeProvisioningProfileTask.swift in Sources */ = {isa = PBXBuildFile; fileRef = EF2CA85A1BC0AC9200A45FDD /* ChangeProvisioningProfileTask.swift */; settings = {ASSET_TAGS = (); }; };
		EFB7C41F1BBD26C7005148C6 /* main.swift in Sources */ = {isa = PBXBuildFile; fileRef = EFB7C41E1BBD26C7005148C6 /* main.swift */; };
		EFB7C42C1BBD279C005148C6 /* AppDelegate.swift in Sources */ = {isa = PBXBuildFile; fileRef = EFB7C42B1BBD279C005148C6 /* AppDelegate.swift */; };
		EFB7C42E1BBD279C005148C6 /* ViewController.swift in Sources */ = {isa = PBXBuildFile; fileRef = EFB7C42D1BBD279C005148C6 /* ViewController.swift */; };
		EFB7C4301BBD279C005148C6 /* Assets.xcassets in Resources */ = {isa = PBXBuildFile; fileRef = EFB7C42F1BBD279C005148C6 /* Assets.xcassets */; };
		EFB7C4331BBD279C005148C6 /* Main.storyboard in Resources */ = {isa = PBXBuildFile; fileRef = EFB7C4311BBD279C005148C6 /* Main.storyboard */; };
		EFB7C43E1BBD279C005148C6 /* iReSignAppTests.swift in Sources */ = {isa = PBXBuildFile; fileRef = EFB7C43D1BBD279C005148C6 /* iReSignAppTests.swift */; };
		EFB7C4471BBD343B005148C6 /* IRTextFieldDrag.swift in Sources */ = {isa = PBXBuildFile; fileRef = EFB7C4461BBD343B005148C6 /* IRTextFieldDrag.swift */; settings = {ASSET_TAGS = (); }; };
		EFB7C4491BBD3773005148C6 /* IRHelpWindow.swift in Sources */ = {isa = PBXBuildFile; fileRef = EFB7C4481BBD3773005148C6 /* IRHelpWindow.swift */; settings = {ASSET_TAGS = (); }; };
		EFB7C44E1BBD8F56005148C6 /* UnzipTask.swift in Sources */ = {isa = PBXBuildFile; fileRef = EFB7C44D1BBD8F56005148C6 /* UnzipTask.swift */; settings = {ASSET_TAGS = (); }; };
		EFB7C4501BBE1823005148C6 /* GetCertsTask.swift in Sources */ = {isa = PBXBuildFile; fileRef = EFB7C44F1BBE1823005148C6 /* GetCertsTask.swift */; settings = {ASSET_TAGS = (); }; };
		EFB7C4521BBE2212005148C6 /* ResignTask.swift in Sources */ = {isa = PBXBuildFile; fileRef = EFB7C4511BBE2212005148C6 /* ResignTask.swift */; settings = {ASSET_TAGS = (); }; };
/* End PBXBuildFile section */

/* Begin PBXContainerItemProxy section */
		EFB7C43A1BBD279C005148C6 /* PBXContainerItemProxy */ = {
			isa = PBXContainerItemProxy;
			containerPortal = EFB7C4131BBD26C7005148C6 /* Project object */;
			proxyType = 1;
			remoteGlobalIDString = EFB7C4281BBD279C005148C6;
			remoteInfo = iReSignApp;
		};
/* End PBXContainerItemProxy section */

/* Begin PBXCopyFilesBuildPhase section */
		EFB7C4191BBD26C7005148C6 /* CopyFiles */ = {
			isa = PBXCopyFilesBuildPhase;
			buildActionMask = 2147483647;
			dstPath = /usr/share/man/man1/;
			dstSubfolderSpec = 0;
			files = (
			);
			runOnlyForDeploymentPostprocessing = 1;
		};
/* End PBXCopyFilesBuildPhase section */

/* Begin PBXFileReference section */
		EF1C642E1BBFEEED00AA1C3C /* ChangeBundleIdTask.swift */ = {isa = PBXFileReference; fileEncoding = 4; lastKnownFileType = sourcecode.swift; name = ChangeBundleIdTask.swift; path = Signing/ChangeBundleIdTask.swift; sourceTree = "<group>"; };
		EF2CA84F1BC0061E00A45FDD /* IROperation.swift */ = {isa = PBXFileReference; fileEncoding = 4; lastKnownFileType = sourcecode.swift; path = IROperation.swift; sourceTree = "<group>"; };
		EF2CA8511BC0233200A45FDD /* ResignApplicationTask.swift */ = {isa = PBXFileReference; fileEncoding = 4; lastKnownFileType = sourcecode.swift; name = ResignApplicationTask.swift; path = Signing/ResignApplicationTask.swift; sourceTree = "<group>"; };
		EF2CA8531BC028D800A45FDD /* CodeSignTask.swift */ = {isa = PBXFileReference; fileEncoding = 4; lastKnownFileType = sourcecode.swift; name = CodeSignTask.swift; path = Signing/CodeSignTask.swift; sourceTree = "<group>"; };
		EF2CA8551BC0A56800A45FDD /* VerifyCodeSignTask.swift */ = {isa = PBXFileReference; fileEncoding = 4; lastKnownFileType = sourcecode.swift; name = VerifyCodeSignTask.swift; path = Signing/VerifyCodeSignTask.swift; sourceTree = "<group>"; };
		EF2CA8581BC0A70E00A45FDD /* ZipTask.swift */ = {isa = PBXFileReference; fileEncoding = 4; lastKnownFileType = sourcecode.swift; path = ZipTask.swift; sourceTree = "<group>"; };
		EF2CA85A1BC0AC9200A45FDD /* ChangeProvisioningProfileTask.swift */ = {isa = PBXFileReference; fileEncoding = 4; lastKnownFileType = sourcecode.swift; name = ChangeProvisioningProfileTask.swift; path = Signing/ChangeProvisioningProfileTask.swift; sourceTree = "<group>"; };
		EFB7C41B1BBD26C7005148C6 /* iReSign */ = {isa = PBXFileReference; explicitFileType = "compiled.mach-o.executable"; includeInIndex = 0; path = iReSign; sourceTree = BUILT_PRODUCTS_DIR; };
		EFB7C41E1BBD26C7005148C6 /* main.swift */ = {isa = PBXFileReference; lastKnownFileType = sourcecode.swift; path = main.swift; sourceTree = "<group>"; };
		EFB7C4291BBD279C005148C6 /* iReSignApp.app */ = {isa = PBXFileReference; explicitFileType = wrapper.application; includeInIndex = 0; path = iReSignApp.app; sourceTree = BUILT_PRODUCTS_DIR; };
		EFB7C42B1BBD279C005148C6 /* AppDelegate.swift */ = {isa = PBXFileReference; lastKnownFileType = sourcecode.swift; path = AppDelegate.swift; sourceTree = "<group>"; };
		EFB7C42D1BBD279C005148C6 /* ViewController.swift */ = {isa = PBXFileReference; lastKnownFileType = sourcecode.swift; path = ViewController.swift; sourceTree = "<group>"; };
		EFB7C42F1BBD279C005148C6 /* Assets.xcassets */ = {isa = PBXFileReference; lastKnownFileType = folder.assetcatalog; path = Assets.xcassets; sourceTree = "<group>"; };
		EFB7C4321BBD279C005148C6 /* Base */ = {isa = PBXFileReference; lastKnownFileType = file.storyboard; name = Base; path = Base.lproj/Main.storyboard; sourceTree = "<group>"; };
		EFB7C4341BBD279C005148C6 /* Info.plist */ = {isa = PBXFileReference; lastKnownFileType = text.plist.xml; path = Info.plist; sourceTree = "<group>"; };
		EFB7C4391BBD279C005148C6 /* iReSignAppTests.xctest */ = {isa = PBXFileReference; explicitFileType = wrapper.cfbundle; includeInIndex = 0; path = iReSignAppTests.xctest; sourceTree = BUILT_PRODUCTS_DIR; };
		EFB7C43D1BBD279C005148C6 /* iReSignAppTests.swift */ = {isa = PBXFileReference; lastKnownFileType = sourcecode.swift; path = iReSignAppTests.swift; sourceTree = "<group>"; };
		EFB7C43F1BBD279C005148C6 /* Info.plist */ = {isa = PBXFileReference; lastKnownFileType = text.plist.xml; path = Info.plist; sourceTree = "<group>"; };
		EFB7C4461BBD343B005148C6 /* IRTextFieldDrag.swift */ = {isa = PBXFileReference; fileEncoding = 4; lastKnownFileType = sourcecode.swift; path = IRTextFieldDrag.swift; sourceTree = "<group>"; };
		EFB7C4481BBD3773005148C6 /* IRHelpWindow.swift */ = {isa = PBXFileReference; fileEncoding = 4; lastKnownFileType = sourcecode.swift; path = IRHelpWindow.swift; sourceTree = "<group>"; };
		EFB7C44D1BBD8F56005148C6 /* UnzipTask.swift */ = {isa = PBXFileReference; fileEncoding = 4; lastKnownFileType = sourcecode.swift; name = UnzipTask.swift; path = Signing/UnzipTask.swift; sourceTree = "<group>"; };
		EFB7C44F1BBE1823005148C6 /* GetCertsTask.swift */ = {isa = PBXFileReference; fileEncoding = 4; lastKnownFileType = sourcecode.swift; name = GetCertsTask.swift; path = Signing/GetCertsTask.swift; sourceTree = "<group>"; };
		EFB7C4511BBE2212005148C6 /* ResignTask.swift */ = {isa = PBXFileReference; fileEncoding = 4; lastKnownFileType = sourcecode.swift; name = ResignTask.swift; path = Signing/ResignTask.swift; sourceTree = "<group>"; };
/* End PBXFileReference section */

/* Begin PBXFrameworksBuildPhase section */
		EFB7C4181BBD26C7005148C6 /* Frameworks */ = {
			isa = PBXFrameworksBuildPhase;
			buildActionMask = 2147483647;
			files = (
			);
			runOnlyForDeploymentPostprocessing = 0;
		};
		EFB7C4261BBD279C005148C6 /* Frameworks */ = {
			isa = PBXFrameworksBuildPhase;
			buildActionMask = 2147483647;
			files = (
			);
			runOnlyForDeploymentPostprocessing = 0;
		};
		EFB7C4361BBD279C005148C6 /* Frameworks */ = {
			isa = PBXFrameworksBuildPhase;
			buildActionMask = 2147483647;
			files = (
			);
			runOnlyForDeploymentPostprocessing = 0;
		};
/* End PBXFrameworksBuildPhase section */

/* Begin PBXGroup section */
		EF2CA8571BC0A6F300A45FDD /* Tasks */ = {
			isa = PBXGroup;
			children = (
				EF1C642E1BBFEEED00AA1C3C /* ChangeBundleIdTask.swift */,
				EFB7C44D1BBD8F56005148C6 /* UnzipTask.swift */,
				EF2CA84F1BC0061E00A45FDD /* IROperation.swift */,
				EF2CA8531BC028D800A45FDD /* CodeSignTask.swift */,
				EF2CA8551BC0A56800A45FDD /* VerifyCodeSignTask.swift */,
				EF2CA8581BC0A70E00A45FDD /* ZipTask.swift */,
				EF2CA85A1BC0AC9200A45FDD /* ChangeProvisioningProfileTask.swift */,
			);
			name = Tasks;
			sourceTree = "<group>";
		};
		EFB7C4121BBD26C7005148C6 = {
			isa = PBXGroup;
			children = (
				EFB7C41D1BBD26C7005148C6 /* iReSign */,
				EFB7C42A1BBD279C005148C6 /* iReSignApp */,
				EFB7C43C1BBD279C005148C6 /* iReSignAppTests */,
				EFB7C41C1BBD26C7005148C6 /* Products */,
			);
			sourceTree = "<group>";
		};
		EFB7C41C1BBD26C7005148C6 /* Products */ = {
			isa = PBXGroup;
			children = (
				EFB7C41B1BBD26C7005148C6 /* iReSign */,
				EFB7C4291BBD279C005148C6 /* iReSignApp.app */,
				EFB7C4391BBD279C005148C6 /* iReSignAppTests.xctest */,
			);
			name = Products;
			sourceTree = "<group>";
		};
		EFB7C41D1BBD26C7005148C6 /* iReSign */ = {
			isa = PBXGroup;
			children = (
				EFB7C41E1BBD26C7005148C6 /* main.swift */,
			);
			path = iReSign;
			sourceTree = "<group>";
		};
		EFB7C42A1BBD279C005148C6 /* iReSignApp */ = {
			isa = PBXGroup;
			children = (
				EFB7C44A1BBD6929005148C6 /* Signing */,
				EFB7C42B1BBD279C005148C6 /* AppDelegate.swift */,
				EFB7C42D1BBD279C005148C6 /* ViewController.swift */,
				EFB7C42F1BBD279C005148C6 /* Assets.xcassets */,
				EFB7C4311BBD279C005148C6 /* Main.storyboard */,
				EFB7C4341BBD279C005148C6 /* Info.plist */,
				EFB7C4461BBD343B005148C6 /* IRTextFieldDrag.swift */,
				EFB7C4481BBD3773005148C6 /* IRHelpWindow.swift */,
			);
			path = iReSignApp;
			sourceTree = "<group>";
		};
		EFB7C43C1BBD279C005148C6 /* iReSignAppTests */ = {
			isa = PBXGroup;
			children = (
				EFB7C43D1BBD279C005148C6 /* iReSignAppTests.swift */,
				EFB7C43F1BBD279C005148C6 /* Info.plist */,
			);
			path = iReSignAppTests;
			sourceTree = "<group>";
		};
		EFB7C44A1BBD6929005148C6 /* Signing */ = {
			isa = PBXGroup;
			children = (
				EF2CA8571BC0A6F300A45FDD /* Tasks */,
				EFB7C44F1BBE1823005148C6 /* GetCertsTask.swift */,
				EFB7C4511BBE2212005148C6 /* ResignTask.swift */,
				EF2CA8511BC0233200A45FDD /* ResignApplicationTask.swift */,
			);
			name = Signing;
			sourceTree = "<group>";
		};
/* End PBXGroup section */

/* Begin PBXNativeTarget section */
		EFB7C41A1BBD26C7005148C6 /* iReSign */ = {
			isa = PBXNativeTarget;
			buildConfigurationList = EFB7C4221BBD26C7005148C6 /* Build configuration list for PBXNativeTarget "iReSign" */;
			buildPhases = (
				EFB7C4171BBD26C7005148C6 /* Sources */,
				EFB7C4181BBD26C7005148C6 /* Frameworks */,
				EFB7C4191BBD26C7005148C6 /* CopyFiles */,
			);
			buildRules = (
			);
			dependencies = (
			);
			name = iReSign;
			productName = iReSign;
			productReference = EFB7C41B1BBD26C7005148C6 /* iReSign */;
			productType = "com.apple.product-type.tool";
		};
		EFB7C4281BBD279C005148C6 /* iReSignApp */ = {
			isa = PBXNativeTarget;
			buildConfigurationList = EFB7C4401BBD279C005148C6 /* Build configuration list for PBXNativeTarget "iReSignApp" */;
			buildPhases = (
				EFB7C4251BBD279C005148C6 /* Sources */,
				EFB7C4261BBD279C005148C6 /* Frameworks */,
				EFB7C4271BBD279C005148C6 /* Resources */,
			);
			buildRules = (
			);
			dependencies = (
			);
			name = iReSignApp;
			productName = iReSignApp;
			productReference = EFB7C4291BBD279C005148C6 /* iReSignApp.app */;
			productType = "com.apple.product-type.application";
		};
		EFB7C4381BBD279C005148C6 /* iReSignAppTests */ = {
			isa = PBXNativeTarget;
			buildConfigurationList = EFB7C4431BBD279C005148C6 /* Build configuration list for PBXNativeTarget "iReSignAppTests" */;
			buildPhases = (
				EFB7C4351BBD279C005148C6 /* Sources */,
				EFB7C4361BBD279C005148C6 /* Frameworks */,
				EFB7C4371BBD279C005148C6 /* Resources */,
			);
			buildRules = (
			);
			dependencies = (
				EFB7C43B1BBD279C005148C6 /* PBXTargetDependency */,
			);
			name = iReSignAppTests;
			productName = iReSignAppTests;
			productReference = EFB7C4391BBD279C005148C6 /* iReSignAppTests.xctest */;
			productType = "com.apple.product-type.bundle.unit-test";
		};
/* End PBXNativeTarget section */

/* Begin PBXProject section */
		EFB7C4131BBD26C7005148C6 /* Project object */ = {
			isa = PBXProject;
			attributes = {
				LastUpgradeCheck = 0700;
				ORGANIZATIONNAME = "Colin Harris";
				TargetAttributes = {
					EFB7C41A1BBD26C7005148C6 = {
						CreatedOnToolsVersion = 7.0;
					};
					EFB7C4281BBD279C005148C6 = {
						CreatedOnToolsVersion = 7.0;
					};
					EFB7C4381BBD279C005148C6 = {
						CreatedOnToolsVersion = 7.0;
						TestTargetID = EFB7C4281BBD279C005148C6;
					};
				};
			};
			buildConfigurationList = EFB7C4161BBD26C7005148C6 /* Build configuration list for PBXProject "iReSign" */;
			compatibilityVersion = "Xcode 3.2";
			developmentRegion = English;
			hasScannedForEncodings = 0;
			knownRegions = (
				en,
				Base,
			);
			mainGroup = EFB7C4121BBD26C7005148C6;
			productRefGroup = EFB7C41C1BBD26C7005148C6 /* Products */;
			projectDirPath = "";
			projectRoot = "";
			targets = (
				EFB7C41A1BBD26C7005148C6 /* iReSign */,
				EFB7C4281BBD279C005148C6 /* iReSignApp */,
				EFB7C4381BBD279C005148C6 /* iReSignAppTests */,
			);
		};
/* End PBXProject section */

/* Begin PBXResourcesBuildPhase section */
		EFB7C4271BBD279C005148C6 /* Resources */ = {
			isa = PBXResourcesBuildPhase;
			buildActionMask = 2147483647;
			files = (
				EFB7C4301BBD279C005148C6 /* Assets.xcassets in Resources */,
				EFB7C4331BBD279C005148C6 /* Main.storyboard in Resources */,
			);
			runOnlyForDeploymentPostprocessing = 0;
		};
		EFB7C4371BBD279C005148C6 /* Resources */ = {
			isa = PBXResourcesBuildPhase;
			buildActionMask = 2147483647;
			files = (
			);
			runOnlyForDeploymentPostprocessing = 0;
		};
/* End PBXResourcesBuildPhase section */

/* Begin PBXSourcesBuildPhase section */
		EFB7C4171BBD26C7005148C6 /* Sources */ = {
			isa = PBXSourcesBuildPhase;
			buildActionMask = 2147483647;
			files = (
				EFB7C41F1BBD26C7005148C6 /* main.swift in Sources */,
			);
			runOnlyForDeploymentPostprocessing = 0;
		};
		EFB7C4251BBD279C005148C6 /* Sources */ = {
			isa = PBXSourcesBuildPhase;
			buildActionMask = 2147483647;
			files = (
				EFB7C42E1BBD279C005148C6 /* ViewController.swift in Sources */,
				EF1C642F1BBFEEED00AA1C3C /* ChangeBundleIdTask.swift in Sources */,
				EF2CA8591BC0A70E00A45FDD /* ZipTask.swift in Sources */,
				EFB7C4491BBD3773005148C6 /* IRHelpWindow.swift in Sources */,
				EFB7C42C1BBD279C005148C6 /* AppDelegate.swift in Sources */,
				EFB7C44E1BBD8F56005148C6 /* UnzipTask.swift in Sources */,
				EF2CA8541BC028D800A45FDD /* CodeSignTask.swift in Sources */,
				EF2CA85B1BC0AC9200A45FDD /* ChangeProvisioningProfileTask.swift in Sources */,
				EF2CA8521BC0233200A45FDD /* ResignApplicationTask.swift in Sources */,
				EFB7C4471BBD343B005148C6 /* IRTextFieldDrag.swift in Sources */,
				EFB7C4521BBE2212005148C6 /* ResignTask.swift in Sources */,
				EFB7C4501BBE1823005148C6 /* GetCertsTask.swift in Sources */,
				EF2CA8501BC0061E00A45FDD /* IROperation.swift in Sources */,
				EF2CA8561BC0A56800A45FDD /* VerifyCodeSignTask.swift in Sources */,
			);
			runOnlyForDeploymentPostprocessing = 0;
		};
		EFB7C4351BBD279C005148C6 /* Sources */ = {
			isa = PBXSourcesBuildPhase;
			buildActionMask = 2147483647;
			files = (
				EFB7C43E1BBD279C005148C6 /* iReSignAppTests.swift in Sources */,
			);
			runOnlyForDeploymentPostprocessing = 0;
		};
/* End PBXSourcesBuildPhase section */

/* Begin PBXTargetDependency section */
		EFB7C43B1BBD279C005148C6 /* PBXTargetDependency */ = {
			isa = PBXTargetDependency;
			target = EFB7C4281BBD279C005148C6 /* iReSignApp */;
			targetProxy = EFB7C43A1BBD279C005148C6 /* PBXContainerItemProxy */;
		};
/* End PBXTargetDependency section */

/* Begin PBXVariantGroup section */
		EFB7C4311BBD279C005148C6 /* Main.storyboard */ = {
			isa = PBXVariantGroup;
			children = (
				EFB7C4321BBD279C005148C6 /* Base */,
			);
			name = Main.storyboard;
			sourceTree = "<group>";
		};
/* End PBXVariantGroup section */

/* Begin XCBuildConfiguration section */
		EFB7C4201BBD26C7005148C6 /* Debug */ = {
			isa = XCBuildConfiguration;
			buildSettings = {
				ALWAYS_SEARCH_USER_PATHS = NO;
				CLANG_CXX_LANGUAGE_STANDARD = "gnu++0x";
				CLANG_CXX_LIBRARY = "libc++";
				CLANG_ENABLE_MODULES = YES;
				CLANG_ENABLE_OBJC_ARC = YES;
				CLANG_WARN_BOOL_CONVERSION = YES;
				CLANG_WARN_CONSTANT_CONVERSION = YES;
				CLANG_WARN_DIRECT_OBJC_ISA_USAGE = YES_ERROR;
				CLANG_WARN_EMPTY_BODY = YES;
				CLANG_WARN_ENUM_CONVERSION = YES;
				CLANG_WARN_INT_CONVERSION = YES;
				CLANG_WARN_OBJC_ROOT_CLASS = YES_ERROR;
				CLANG_WARN_UNREACHABLE_CODE = YES;
				CLANG_WARN__DUPLICATE_METHOD_MATCH = YES;
				COPY_PHASE_STRIP = NO;
				DEBUG_INFORMATION_FORMAT = dwarf;
				ENABLE_STRICT_OBJC_MSGSEND = YES;
				ENABLE_TESTABILITY = YES;
				GCC_C_LANGUAGE_STANDARD = gnu99;
				GCC_DYNAMIC_NO_PIC = NO;
				GCC_NO_COMMON_BLOCKS = YES;
				GCC_OPTIMIZATION_LEVEL = 0;
				GCC_PREPROCESSOR_DEFINITIONS = (
					"DEBUG=1",
					"$(inherited)",
				);
				GCC_WARN_64_TO_32_BIT_CONVERSION = YES;
				GCC_WARN_ABOUT_RETURN_TYPE = YES_ERROR;
				GCC_WARN_UNDECLARED_SELECTOR = YES;
				GCC_WARN_UNINITIALIZED_AUTOS = YES_AGGRESSIVE;
				GCC_WARN_UNUSED_FUNCTION = YES;
				GCC_WARN_UNUSED_VARIABLE = YES;
				MACOSX_DEPLOYMENT_TARGET = 10.10;
				MTL_ENABLE_DEBUG_INFO = YES;
				ONLY_ACTIVE_ARCH = YES;
				SDKROOT = macosx;
				SWIFT_OPTIMIZATION_LEVEL = "-Onone";
			};
			name = Debug;
		};
		EFB7C4211BBD26C7005148C6 /* Release */ = {
			isa = XCBuildConfiguration;
			buildSettings = {
				ALWAYS_SEARCH_USER_PATHS = NO;
				CLANG_CXX_LANGUAGE_STANDARD = "gnu++0x";
				CLANG_CXX_LIBRARY = "libc++";
				CLANG_ENABLE_MODULES = YES;
				CLANG_ENABLE_OBJC_ARC = YES;
				CLANG_WARN_BOOL_CONVERSION = YES;
				CLANG_WARN_CONSTANT_CONVERSION = YES;
				CLANG_WARN_DIRECT_OBJC_ISA_USAGE = YES_ERROR;
				CLANG_WARN_EMPTY_BODY = YES;
				CLANG_WARN_ENUM_CONVERSION = YES;
				CLANG_WARN_INT_CONVERSION = YES;
				CLANG_WARN_OBJC_ROOT_CLASS = YES_ERROR;
				CLANG_WARN_UNREACHABLE_CODE = YES;
				CLANG_WARN__DUPLICATE_METHOD_MATCH = YES;
				COPY_PHASE_STRIP = NO;
				DEBUG_INFORMATION_FORMAT = "dwarf-with-dsym";
				ENABLE_NS_ASSERTIONS = NO;
				ENABLE_STRICT_OBJC_MSGSEND = YES;
				GCC_C_LANGUAGE_STANDARD = gnu99;
				GCC_NO_COMMON_BLOCKS = YES;
				GCC_WARN_64_TO_32_BIT_CONVERSION = YES;
				GCC_WARN_ABOUT_RETURN_TYPE = YES_ERROR;
				GCC_WARN_UNDECLARED_SELECTOR = YES;
				GCC_WARN_UNINITIALIZED_AUTOS = YES_AGGRESSIVE;
				GCC_WARN_UNUSED_FUNCTION = YES;
				GCC_WARN_UNUSED_VARIABLE = YES;
				MACOSX_DEPLOYMENT_TARGET = 10.10;
				MTL_ENABLE_DEBUG_INFO = NO;
				SDKROOT = macosx;
			};
			name = Release;
		};
		EFB7C4231BBD26C7005148C6 /* Debug */ = {
			isa = XCBuildConfiguration;
			buildSettings = {
				PRODUCT_NAME = "$(TARGET_NAME)";
			};
			name = Debug;
		};
		EFB7C4241BBD26C7005148C6 /* Release */ = {
			isa = XCBuildConfiguration;
			buildSettings = {
				PRODUCT_NAME = "$(TARGET_NAME)";
			};
			name = Release;
		};
		EFB7C4411BBD279C005148C6 /* Debug */ = {
			isa = XCBuildConfiguration;
			buildSettings = {
				ASSETCATALOG_COMPILER_APPICON_NAME = AppIcon;
				CODE_SIGN_IDENTITY = "-";
				COMBINE_HIDPI_IMAGES = YES;
				INFOPLIST_FILE = iReSignApp/Info.plist;
				LD_RUNPATH_SEARCH_PATHS = "$(inherited) @executable_path/../Frameworks";
				PRODUCT_BUNDLE_IDENTIFIER = com.colharris.iReSignApp;
				PRODUCT_NAME = "$(TARGET_NAME)";
			};
			name = Debug;
		};
		EFB7C4421BBD279C005148C6 /* Release */ = {
			isa = XCBuildConfiguration;
			buildSettings = {
				ASSETCATALOG_COMPILER_APPICON_NAME = AppIcon;
				CODE_SIGN_IDENTITY = "-";
				COMBINE_HIDPI_IMAGES = YES;
				INFOPLIST_FILE = iReSignApp/Info.plist;
				LD_RUNPATH_SEARCH_PATHS = "$(inherited) @executable_path/../Frameworks";
				PRODUCT_BUNDLE_IDENTIFIER = com.colharris.iReSignApp;
				PRODUCT_NAME = "$(TARGET_NAME)";
			};
			name = Release;
		};
		EFB7C4441BBD279C005148C6 /* Debug */ = {
			isa = XCBuildConfiguration;
			buildSettings = {
				BUNDLE_LOADER = "$(TEST_HOST)";
				COMBINE_HIDPI_IMAGES = YES;
				INFOPLIST_FILE = iReSignAppTests/Info.plist;
				LD_RUNPATH_SEARCH_PATHS = "$(inherited) @executable_path/../Frameworks @loader_path/../Frameworks";
				PRODUCT_BUNDLE_IDENTIFIER = com.colharris.iReSignAppTests;
				PRODUCT_NAME = "$(TARGET_NAME)";
				TEST_HOST = "$(BUILT_PRODUCTS_DIR)/iReSignApp.app/Contents/MacOS/iReSignApp";
			};
			name = Debug;
		};
		EFB7C4451BBD279C005148C6 /* Release */ = {
			isa = XCBuildConfiguration;
			buildSettings = {
				BUNDLE_LOADER = "$(TEST_HOST)";
				COMBINE_HIDPI_IMAGES = YES;
				INFOPLIST_FILE = iReSignAppTests/Info.plist;
				LD_RUNPATH_SEARCH_PATHS = "$(inherited) @executable_path/../Frameworks @loader_path/../Frameworks";
				PRODUCT_BUNDLE_IDENTIFIER = com.colharris.iReSignAppTests;
				PRODUCT_NAME = "$(TARGET_NAME)";
				TEST_HOST = "$(BUILT_PRODUCTS_DIR)/iReSignApp.app/Contents/MacOS/iReSignApp";
			};
			name = Release;
		};
/* End XCBuildConfiguration section */

/* Begin XCConfigurationList section */
		EFB7C4161BBD26C7005148C6 /* Build configuration list for PBXProject "iReSign" */ = {
			isa = XCConfigurationList;
			buildConfigurations = (
				EFB7C4201BBD26C7005148C6 /* Debug */,
				EFB7C4211BBD26C7005148C6 /* Release */,
			);
			defaultConfigurationIsVisible = 0;
			defaultConfigurationName = Release;
		};
		EFB7C4221BBD26C7005148C6 /* Build configuration list for PBXNativeTarget "iReSign" */ = {
			isa = XCConfigurationList;
			buildConfigurations = (
				EFB7C4231BBD26C7005148C6 /* Debug */,
				EFB7C4241BBD26C7005148C6 /* Release */,
			);
			defaultConfigurationIsVisible = 0;
			defaultConfigurationName = Release;
		};
		EFB7C4401BBD279C005148C6 /* Build configuration list for PBXNativeTarget "iReSignApp" */ = {
			isa = XCConfigurationList;
			buildConfigurations = (
				EFB7C4411BBD279C005148C6 /* Debug */,
				EFB7C4421BBD279C005148C6 /* Release */,
			);
			defaultConfigurationIsVisible = 0;
			defaultConfigurationName = Release;
		};
		EFB7C4431BBD279C005148C6 /* Build configuration list for PBXNativeTarget "iReSignAppTests" */ = {
			isa = XCConfigurationList;
			buildConfigurations = (
				EFB7C4441BBD279C005148C6 /* Debug */,
				EFB7C4451BBD279C005148C6 /* Release */,
			);
			defaultConfigurationIsVisible = 0;
			defaultConfigurationName = Release;
		};
/* End XCConfigurationList section */
	};
	rootObject = EFB7C4131BBD26C7005148C6 /* Project object */;
}
